
Microsoft Visual Studio Solution File, Format Version 12.00
# Visual Studio 2012
Project("{2150E333-8FDC-42A3-9474-1A3956D46DE8}") = "Solution Items", "Solution Items", "{CC6DB7EC-7DAD-4B28-82DC-560C304AA915}"
	ProjectSection(SolutionItems) = preProject
		README.md = README.md
	EndProjectSection
EndProject
Project("{FAE04EC0-301F-11D3-BF4B-00C04F79EFBC}") = "Couchbase.AspNet", "Couchbase.AspNet\Couchbase.AspNet.csproj", "{A53FF68E-9029-4652-A59D-F9FFD097C206}"
EndProject
Project("{FAE04EC0-301F-11D3-BF4B-00C04F79EFBC}") = "LZ4Sharp", "LZ4Sharp\LZ4Sharp.csproj", "{F234773A-FFD4-4964-AC20-7D890C29E9C2}"
EndProject
Global
	GlobalSection(SolutionConfigurationPlatforms) = preSolution
		Debug|Any CPU = Debug|Any CPU
		Debug|x86 = Debug|x86
		Generate|Any CPU = Generate|Any CPU
		Generate|x86 = Generate|x86
		Release|Any CPU = Release|Any CPU
		Release|x86 = Release|x86
	EndGlobalSection
	GlobalSection(ProjectConfigurationPlatforms) = postSolution
		{A53FF68E-9029-4652-A59D-F9FFD097C206}.Debug|Any CPU.ActiveCfg = Debug|Any CPU
		{A53FF68E-9029-4652-A59D-F9FFD097C206}.Debug|Any CPU.Build.0 = Debug|Any CPU
		{A53FF68E-9029-4652-A59D-F9FFD097C206}.Debug|x86.ActiveCfg = Debug|Any CPU
		{A53FF68E-9029-4652-A59D-F9FFD097C206}.Generate|Any CPU.ActiveCfg = Release|Any CPU
		{A53FF68E-9029-4652-A59D-F9FFD097C206}.Generate|Any CPU.Build.0 = Release|Any CPU
		{A53FF68E-9029-4652-A59D-F9FFD097C206}.Generate|x86.ActiveCfg = Release|Any CPU
		{A53FF68E-9029-4652-A59D-F9FFD097C206}.Release|Any CPU.ActiveCfg = Release|Any CPU
		{A53FF68E-9029-4652-A59D-F9FFD097C206}.Release|Any CPU.Build.0 = Release|Any CPU
		{A53FF68E-9029-4652-A59D-F9FFD097C206}.Release|x86.ActiveCfg = Release|Any CPU
		{F234773A-FFD4-4964-AC20-7D890C29E9C2}.Debug|Any CPU.ActiveCfg = Debug|Any CPU
		{F234773A-FFD4-4964-AC20-7D890C29E9C2}.Debug|Any CPU.Build.0 = Debug|Any CPU
		{F234773A-FFD4-4964-AC20-7D890C29E9C2}.Debug|x86.ActiveCfg = Debug|x86
		{F234773A-FFD4-4964-AC20-7D890C29E9C2}.Debug|x86.Build.0 = Debug|x86
		{F234773A-FFD4-4964-AC20-7D890C29E9C2}.Generate|Any CPU.ActiveCfg = Generate|Any CPU
		{F234773A-FFD4-4964-AC20-7D890C29E9C2}.Generate|Any CPU.Build.0 = Generate|Any CPU
		{F234773A-FFD4-4964-AC20-7D890C29E9C2}.Generate|x86.ActiveCfg = Generate|x86
		{F234773A-FFD4-4964-AC20-7D890C29E9C2}.Generate|x86.Build.0 = Generate|x86
		{F234773A-FFD4-4964-AC20-7D890C29E9C2}.Release|Any CPU.ActiveCfg = Release|Any CPU
		{F234773A-FFD4-4964-AC20-7D890C29E9C2}.Release|Any CPU.Build.0 = Release|Any CPU
		{F234773A-FFD4-4964-AC20-7D890C29E9C2}.Release|x86.ActiveCfg = Release|x86
		{F234773A-FFD4-4964-AC20-7D890C29E9C2}.Release|x86.Build.0 = Release|x86
	EndGlobalSection
	GlobalSection(SolutionProperties) = preSolution
		HideSolutionNode = FALSE
	EndGlobalSection
EndGlobal
